
Microsoft Visual Studio Solution File, Format Version 12.00
# Visual Studio Version 16
VisualStudioVersion = 16.0.31321.278
MinimumVisualStudioVersion = 10.0.40219.1
Project("{FAE04EC0-301F-11D3-BF4B-00C04F79EFBC}") = "Headlamps", "Headlamps.csproj", "{C8336140-FE05-4457-B50C-DB9B883C9E6B}"
EndProject
Global
	GlobalSection(SolutionConfigurationPlatforms) = preSolution
		Debug|Any CPU = Debug|Any CPU
		Release|Any CPU = Release|Any CPU
	EndGlobalSection
	GlobalSection(ProjectConfigurationPlatforms) = postSolution
		{C8336140-FE05-4457-B50C-DB9B883C9E6B}.Debug|Any CPU.ActiveCfg = Debug|Any CPU
		{C8336140-FE05-4457-B50C-DB9B883C9E6B}.Debug|Any CPU.Build.0 = Debug|Any CPU
		{C8336140-FE05-4457-B50C-DB9B883C9E6B}.Release|Any CPU.ActiveCfg = Release|Any CPU
		{C8336140-FE05-4457-B50C-DB9B883C9E6B}.Release|Any CPU.Build.0 = Release|Any CPU
	EndGlobalSection
	GlobalSection(SolutionProperties) = preSolution
		HideSolutionNode = FALSE
	EndGlobalSection
	GlobalSection(ExtensibilityGlobals) = postSolution
		SolutionGuid = {819AF6EA-E634-4676-BC05-E658842B5201}
	EndGlobalSection
EndGlobal
